
Microsoft Visual Studio Solution File, Format Version 12.00
# Visual Studio Version 16
VisualStudioVersion = 16.0.29215.179
MinimumVisualStudioVersion = 10.0.40219.1
Project("{FAE04EC0-301F-11D3-BF4B-00C04F79EFBC}") = "EjerciciosListas", "EjerciciosListas\EjerciciosListas.csproj", "{68D7B68C-1862-4FBD-AABB-9EEBBB1909B2}"
EndProject
Project("{FAE04EC0-301F-11D3-BF4B-00C04F79EFBC}") = "Ejercicio1", "Ejercicio1\Ejercicio1.csproj", "{13B06358-5AE5-45DC-9248-F1EA1C60B768}"
EndProject
Project("{FAE04EC0-301F-11D3-BF4B-00C04F79EFBC}") = "Ejercicio2", "Ejercicio2\Ejercicio2.csproj", "{B05FB675-38F6-4D0A-8358-1FE1C123EE0A}"
EndProject
Project("{FAE04EC0-301F-11D3-BF4B-00C04F79EFBC}") = "Ejercicio3", "Ejercicio3\Ejercicio3.csproj", "{4DB7FCE4-E437-487D-9D81-E7D8B1B4320F}"
EndProject
Project("{FAE04EC0-301F-11D3-BF4B-00C04F79EFBC}") = "Ejercicio4", "Ejercicio4\Ejercicio4.csproj", "{0C7D7764-95BD-4833-BDF9-7A82231A1CB9}"
EndProject
Project("{FAE04EC0-301F-11D3-BF4B-00C04F79EFBC}") = "Ejercicio5", "Ejercicio5\Ejercicio5.csproj", "{824AEB27-C2F4-46E5-A50C-584E161FD5B2}"
EndProject
Project("{FAE04EC0-301F-11D3-BF4B-00C04F79EFBC}") = "EjercicioTroya", "EjercicioTroya\EjercicioTroya.csproj", "{656F813F-72C0-4017-9670-92F6680D3E83}"
EndProject
Global
	GlobalSection(SolutionConfigurationPlatforms) = preSolution
		Debug|Any CPU = Debug|Any CPU
		Release|Any CPU = Release|Any CPU
	EndGlobalSection
	GlobalSection(ProjectConfigurationPlatforms) = postSolution
		{68D7B68C-1862-4FBD-AABB-9EEBBB1909B2}.Debug|Any CPU.ActiveCfg = Debug|Any CPU
		{68D7B68C-1862-4FBD-AABB-9EEBBB1909B2}.Debug|Any CPU.Build.0 = Debug|Any CPU
		{68D7B68C-1862-4FBD-AABB-9EEBBB1909B2}.Release|Any CPU.ActiveCfg = Release|Any CPU
		{68D7B68C-1862-4FBD-AABB-9EEBBB1909B2}.Release|Any CPU.Build.0 = Release|Any CPU
		{13B06358-5AE5-45DC-9248-F1EA1C60B768}.Debug|Any CPU.ActiveCfg = Debug|Any CPU
		{13B06358-5AE5-45DC-9248-F1EA1C60B768}.Debug|Any CPU.Build.0 = Debug|Any CPU
		{13B06358-5AE5-45DC-9248-F1EA1C60B768}.Release|Any CPU.ActiveCfg = Release|Any CPU
		{13B06358-5AE5-45DC-9248-F1EA1C60B768}.Release|Any CPU.Build.0 = Release|Any CPU
		{B05FB675-38F6-4D0A-8358-1FE1C123EE0A}.Debug|Any CPU.ActiveCfg = Debug|Any CPU
		{B05FB675-38F6-4D0A-8358-1FE1C123EE0A}.Debug|Any CPU.Build.0 = Debug|Any CPU
		{B05FB675-38F6-4D0A-8358-1FE1C123EE0A}.Release|Any CPU.ActiveCfg = Release|Any CPU
		{B05FB675-38F6-4D0A-8358-1FE1C123EE0A}.Release|Any CPU.Build.0 = Release|Any CPU
		{4DB7FCE4-E437-487D-9D81-E7D8B1B4320F}.Debug|Any CPU.ActiveCfg = Debug|Any CPU
		{4DB7FCE4-E437-487D-9D81-E7D8B1B4320F}.Debug|Any CPU.Build.0 = Debug|Any CPU
		{4DB7FCE4-E437-487D-9D81-E7D8B1B4320F}.Release|Any CPU.ActiveCfg = Release|Any CPU
		{4DB7FCE4-E437-487D-9D81-E7D8B1B4320F}.Release|Any CPU.Build.0 = Release|Any CPU
		{0C7D7764-95BD-4833-BDF9-7A82231A1CB9}.Debug|Any CPU.ActiveCfg = Debug|Any CPU
		{0C7D7764-95BD-4833-BDF9-7A82231A1CB9}.Debug|Any CPU.Build.0 = Debug|Any CPU
		{0C7D7764-95BD-4833-BDF9-7A82231A1CB9}.Release|Any CPU.ActiveCfg = Release|Any CPU
		{0C7D7764-95BD-4833-BDF9-7A82231A1CB9}.Release|Any CPU.Build.0 = Release|Any CPU
		{824AEB27-C2F4-46E5-A50C-584E161FD5B2}.Debug|Any CPU.ActiveCfg = Debug|Any CPU
		{824AEB27-C2F4-46E5-A50C-584E161FD5B2}.Debug|Any CPU.Build.0 = Debug|Any CPU
		{824AEB27-C2F4-46E5-A50C-584E161FD5B2}.Release|Any CPU.ActiveCfg = Release|Any CPU
		{824AEB27-C2F4-46E5-A50C-584E161FD5B2}.Release|Any CPU.Build.0 = Release|Any CPU
		{656F813F-72C0-4017-9670-92F6680D3E83}.Debug|Any CPU.ActiveCfg = Debug|Any CPU
		{656F813F-72C0-4017-9670-92F6680D3E83}.Debug|Any CPU.Build.0 = Debug|Any CPU
		{656F813F-72C0-4017-9670-92F6680D3E83}.Release|Any CPU.ActiveCfg = Release|Any CPU
		{656F813F-72C0-4017-9670-92F6680D3E83}.Release|Any CPU.Build.0 = Release|Any CPU
	EndGlobalSection
	GlobalSection(SolutionProperties) = preSolution
		HideSolutionNode = FALSE
	EndGlobalSection
	GlobalSection(ExtensibilityGlobals) = postSolution
		SolutionGuid = {564D0880-99ED-4B18-AED2-1DD3CAF7CBC7}
	EndGlobalSection
EndGlobal
